// !$*UTF8*$!
{
	archiveVersion = 1;
	classes = {
	};
	objectVersion = 56;
	objects = {

/* Begin PBXBuildFile section */
		0420645129D68D7700CBCB16 /* State.swift in Sources */ = {isa = PBXBuildFile; fileRef = 0420645029D68D7700CBCB16 /* State.swift */; };
		042624ED29BCD47800D3202F /* calculatorApp.swift in Sources */ = {isa = PBXBuildFile; fileRef = 042624EC29BCD47800D3202F /* calculatorApp.swift */; };
		042624EF29BCD47800D3202F /* ContentView.swift in Sources */ = {isa = PBXBuildFile; fileRef = 042624EE29BCD47800D3202F /* ContentView.swift */; };
		042624F129BCD47900D3202F /* Assets.xcassets in Resources */ = {isa = PBXBuildFile; fileRef = 042624F029BCD47900D3202F /* Assets.xcassets */; };
		042624F429BCD47900D3202F /* Preview Assets.xcassets in Resources */ = {isa = PBXBuildFile; fileRef = 042624F329BCD47900D3202F /* Preview Assets.xcassets */; };
		042624FE29BCD47900D3202F /* calculatorTests.swift in Sources */ = {isa = PBXBuildFile; fileRef = 042624FD29BCD47900D3202F /* calculatorTests.swift */; };
		0426250829BCD47900D3202F /* calculatorUITests.swift in Sources */ = {isa = PBXBuildFile; fileRef = 0426250729BCD47900D3202F /* calculatorUITests.swift */; };
		0426250A29BCD47900D3202F /* calculatorUITestsLaunchTests.swift in Sources */ = {isa = PBXBuildFile; fileRef = 0426250929BCD47900D3202F /* calculatorUITestsLaunchTests.swift */; };
		0426251729BE0D2E00D3202F /* CustomColors.swift in Sources */ = {isa = PBXBuildFile; fileRef = 0426251629BE0D2E00D3202F /* CustomColors.swift */; };
		0426251929BE0D9400D3202F /* CalcButton.swift in Sources */ = {isa = PBXBuildFile; fileRef = 0426251829BE0D9400D3202F /* CalcButton.swift */; };
		0426255729C04E2A00D3202F /* OutputView.swift in Sources */ = {isa = PBXBuildFile; fileRef = 0426255629C04E2A00D3202F /* OutputView.swift */; };
		0426255929C04F5100D3202F /* GridView.swift in Sources */ = {isa = PBXBuildFile; fileRef = 0426255829C04F5100D3202F /* GridView.swift */; };
		043E6EEE29D451EA00F0D11D /* ButtonView.swift in Sources */ = {isa = PBXBuildFile; fileRef = 043E6EED29D451EA00F0D11D /* ButtonView.swift */; };
/* End PBXBuildFile section */

/* Begin PBXContainerItemProxy section */
		042624FA29BCD47900D3202F /* PBXContainerItemProxy */ = {
			isa = PBXContainerItemProxy;
			containerPortal = 042624E129BCD47800D3202F /* Project object */;
			proxyType = 1;
			remoteGlobalIDString = 042624E829BCD47800D3202F;
			remoteInfo = calculator;
		};
		0426250429BCD47900D3202F /* PBXContainerItemProxy */ = {
			isa = PBXContainerItemProxy;
			containerPortal = 042624E129BCD47800D3202F /* Project object */;
			proxyType = 1;
			remoteGlobalIDString = 042624E829BCD47800D3202F;
			remoteInfo = calculator;
		};
/* End PBXContainerItemProxy section */

/* Begin PBXFileReference section */
		0420645029D68D7700CBCB16 /* State.swift */ = {isa = PBXFileReference; lastKnownFileType = sourcecode.swift; path = State.swift; sourceTree = "<group>"; };
		042624E929BCD47800D3202F /* calculator.app */ = {isa = PBXFileReference; explicitFileType = wrapper.application; includeInIndex = 0; path = calculator.app; sourceTree = BUILT_PRODUCTS_DIR; };
		042624EC29BCD47800D3202F /* calculatorApp.swift */ = {isa = PBXFileReference; lastKnownFileType = sourcecode.swift; path = calculatorApp.swift; sourceTree = "<group>"; };
		042624EE29BCD47800D3202F /* ContentView.swift */ = {isa = PBXFileReference; lastKnownFileType = sourcecode.swift; path = ContentView.swift; sourceTree = "<group>"; };
		042624F029BCD47900D3202F /* Assets.xcassets */ = {isa = PBXFileReference; lastKnownFileType = folder.assetcatalog; path = Assets.xcassets; sourceTree = "<group>"; };
		042624F329BCD47900D3202F /* Preview Assets.xcassets */ = {isa = PBXFileReference; lastKnownFileType = folder.assetcatalog; path = "Preview Assets.xcassets"; sourceTree = "<group>"; };
		042624F929BCD47900D3202F /* calculatorTests.xctest */ = {isa = PBXFileReference; explicitFileType = wrapper.cfbundle; includeInIndex = 0; path = calculatorTests.xctest; sourceTree = BUILT_PRODUCTS_DIR; };
		042624FD29BCD47900D3202F /* calculatorTests.swift */ = {isa = PBXFileReference; lastKnownFileType = sourcecode.swift; path = calculatorTests.swift; sourceTree = "<group>"; };
		0426250329BCD47900D3202F /* calculatorUITests.xctest */ = {isa = PBXFileReference; explicitFileType = wrapper.cfbundle; includeInIndex = 0; path = calculatorUITests.xctest; sourceTree = BUILT_PRODUCTS_DIR; };
		0426250729BCD47900D3202F /* calculatorUITests.swift */ = {isa = PBXFileReference; lastKnownFileType = sourcecode.swift; path = calculatorUITests.swift; sourceTree = "<group>"; };
		0426250929BCD47900D3202F /* calculatorUITestsLaunchTests.swift */ = {isa = PBXFileReference; lastKnownFileType = sourcecode.swift; path = calculatorUITestsLaunchTests.swift; sourceTree = "<group>"; };
		0426251629BE0D2E00D3202F /* CustomColors.swift */ = {isa = PBXFileReference; lastKnownFileType = sourcecode.swift; path = CustomColors.swift; sourceTree = "<group>"; };
		0426251829BE0D9400D3202F /* CalcButton.swift */ = {isa = PBXFileReference; lastKnownFileType = sourcecode.swift; path = CalcButton.swift; sourceTree = "<group>"; };
		0426255629C04E2A00D3202F /* OutputView.swift */ = {isa = PBXFileReference; lastKnownFileType = sourcecode.swift; path = OutputView.swift; sourceTree = "<group>"; };
		0426255829C04F5100D3202F /* GridView.swift */ = {isa = PBXFileReference; lastKnownFileType = sourcecode.swift; path = GridView.swift; sourceTree = "<group>"; };
		043E6EED29D451EA00F0D11D /* ButtonView.swift */ = {isa = PBXFileReference; lastKnownFileType = sourcecode.swift; path = ButtonView.swift; sourceTree = "<group>"; };
/* End PBXFileReference section */

/* Begin PBXFrameworksBuildPhase section */
		042624E629BCD47800D3202F /* Frameworks */ = {
			isa = PBXFrameworksBuildPhase;
			buildActionMask = 2147483647;
			files = (
			);
			runOnlyForDeploymentPostprocessing = 0;
		};
		042624F629BCD47900D3202F /* Frameworks */ = {
			isa = PBXFrameworksBuildPhase;
			buildActionMask = 2147483647;
			files = (
			);
			runOnlyForDeploymentPostprocessing = 0;
		};
		0426250029BCD47900D3202F /* Frameworks */ = {
			isa = PBXFrameworksBuildPhase;
			buildActionMask = 2147483647;
			files = (
			);
			runOnlyForDeploymentPostprocessing = 0;
		};
/* End PBXFrameworksBuildPhase section */

/* Begin PBXGroup section */
		0420645229D68D8C00CBCB16 /* Views */ = {
			isa = PBXGroup;
			children = (
				0426255829C04F5100D3202F /* GridView.swift */,
				0426255629C04E2A00D3202F /* OutputView.swift */,
				042624EE29BCD47800D3202F /* ContentView.swift */,
				043E6EED29D451EA00F0D11D /* ButtonView.swift */,
			);
			path = Views;
			sourceTree = "<group>";
		};
		0420645329D68DC800CBCB16 /* Data */ = {
			isa = PBXGroup;
			children = (
				0426251829BE0D9400D3202F /* CalcButton.swift */,
				0420645029D68D7700CBCB16 /* State.swift */,
				0426251629BE0D2E00D3202F /* CustomColors.swift */,
			);
			name = Data;
			sourceTree = "<group>";
		};
		0420645429D694B200CBCB16 /* Assets */ = {
			isa = PBXGroup;
			children = (
				042624F029BCD47900D3202F /* Assets.xcassets */,
				042624F229BCD47900D3202F /* Preview Content */,
			);
			name = Assets;
			sourceTree = "<group>";
		};
		042624E029BCD47800D3202F = {
			isa = PBXGroup;
			children = (
				042624EB29BCD47800D3202F /* calculator */,
				042624FC29BCD47900D3202F /* calculatorTests */,
				0426250629BCD47900D3202F /* calculatorUITests */,
				042624EA29BCD47800D3202F /* Products */,
			);
			sourceTree = "<group>";
		};
		042624EA29BCD47800D3202F /* Products */ = {
			isa = PBXGroup;
			children = (
				042624E929BCD47800D3202F /* calculator.app */,
				042624F929BCD47900D3202F /* calculatorTests.xctest */,
				0426250329BCD47900D3202F /* calculatorUITests.xctest */,
			);
			name = Products;
			sourceTree = "<group>";
		};
		042624EB29BCD47800D3202F /* calculator */ = {
			isa = PBXGroup;
			children = (
				0420645429D694B200CBCB16 /* Assets */,
				0420645329D68DC800CBCB16 /* Data */,
				0420645229D68D8C00CBCB16 /* Views */,
				042624EC29BCD47800D3202F /* calculatorApp.swift */,
			);
			path = calculator;
			sourceTree = "<group>";
		};
		042624F229BCD47900D3202F /* Preview Content */ = {
			isa = PBXGroup;
			children = (
				042624F329BCD47900D3202F /* Preview Assets.xcassets */,
			);
			path = "Preview Content";
			sourceTree = "<group>";
		};
		042624FC29BCD47900D3202F /* calculatorTests */ = {
			isa = PBXGroup;
			children = (
				042624FD29BCD47900D3202F /* calculatorTests.swift */,
			);
			path = calculatorTests;
			sourceTree = "<group>";
		};
		0426250629BCD47900D3202F /* calculatorUITests */ = {
			isa = PBXGroup;
			children = (
				0426250729BCD47900D3202F /* calculatorUITests.swift */,
				0426250929BCD47900D3202F /* calculatorUITestsLaunchTests.swift */,
			);
			path = calculatorUITests;
			sourceTree = "<group>";
		};
/* End PBXGroup section */

/* Begin PBXNativeTarget section */
		042624E829BCD47800D3202F /* calculator */ = {
			isa = PBXNativeTarget;
			buildConfigurationList = 0426250D29BCD47900D3202F /* Build configuration list for PBXNativeTarget "calculator" */;
			buildPhases = (
				042624E529BCD47800D3202F /* Sources */,
				042624E629BCD47800D3202F /* Frameworks */,
				042624E729BCD47800D3202F /* Resources */,
			);
			buildRules = (
			);
			dependencies = (
			);
			name = calculator;
			productName = calculator;
			productReference = 042624E929BCD47800D3202F /* calculator.app */;
			productType = "com.apple.product-type.application";
		};
		042624F829BCD47900D3202F /* calculatorTests */ = {
			isa = PBXNativeTarget;
			buildConfigurationList = 0426251029BCD47900D3202F /* Build configuration list for PBXNativeTarget "calculatorTests" */;
			buildPhases = (
				042624F529BCD47900D3202F /* Sources */,
				042624F629BCD47900D3202F /* Frameworks */,
				042624F729BCD47900D3202F /* Resources */,
			);
			buildRules = (
			);
			dependencies = (
				042624FB29BCD47900D3202F /* PBXTargetDependency */,
			);
			name = calculatorTests;
			productName = calculatorTests;
			productReference = 042624F929BCD47900D3202F /* calculatorTests.xctest */;
			productType = "com.apple.product-type.bundle.unit-test";
		};
		0426250229BCD47900D3202F /* calculatorUITests */ = {
			isa = PBXNativeTarget;
			buildConfigurationList = 0426251329BCD47900D3202F /* Build configuration list for PBXNativeTarget "calculatorUITests" */;
			buildPhases = (
				042624FF29BCD47900D3202F /* Sources */,
				0426250029BCD47900D3202F /* Frameworks */,
				0426250129BCD47900D3202F /* Resources */,
			);
			buildRules = (
			);
			dependencies = (
				0426250529BCD47900D3202F /* PBXTargetDependency */,
			);
			name = calculatorUITests;
			productName = calculatorUITests;
			productReference = 0426250329BCD47900D3202F /* calculatorUITests.xctest */;
			productType = "com.apple.product-type.bundle.ui-testing";
		};
/* End PBXNativeTarget section */

/* Begin PBXProject section */
		042624E129BCD47800D3202F /* Project object */ = {
			isa = PBXProject;
			attributes = {
				BuildIndependentTargetsInParallel = 1;
				LastSwiftUpdateCheck = 1420;
				LastUpgradeCheck = 1420;
				TargetAttributes = {
					042624E829BCD47800D3202F = {
						CreatedOnToolsVersion = 14.2;
					};
					042624F829BCD47900D3202F = {
						CreatedOnToolsVersion = 14.2;
						TestTargetID = 042624E829BCD47800D3202F;
					};
					0426250229BCD47900D3202F = {
						CreatedOnToolsVersion = 14.2;
						TestTargetID = 042624E829BCD47800D3202F;
					};
				};
			};
			buildConfigurationList = 042624E429BCD47800D3202F /* Build configuration list for PBXProject "calculator" */;
			compatibilityVersion = "Xcode 14.0";
			developmentRegion = en;
			hasScannedForEncodings = 0;
			knownRegions = (
				en,
				Base,
			);
			mainGroup = 042624E029BCD47800D3202F;
			productRefGroup = 042624EA29BCD47800D3202F /* Products */;
			projectDirPath = "";
			projectRoot = "";
			targets = (
				042624E829BCD47800D3202F /* calculator */,
				042624F829BCD47900D3202F /* calculatorTests */,
				0426250229BCD47900D3202F /* calculatorUITests */,
			);
		};
/* End PBXProject section */

/* Begin PBXResourcesBuildPhase section */
		042624E729BCD47800D3202F /* Resources */ = {
			isa = PBXResourcesBuildPhase;
			buildActionMask = 2147483647;
			files = (
				042624F429BCD47900D3202F /* Preview Assets.xcassets in Resources */,
				042624F129BCD47900D3202F /* Assets.xcassets in Resources */,
			);
			runOnlyForDeploymentPostprocessing = 0;
		};
		042624F729BCD47900D3202F /* Resources */ = {
			isa = PBXResourcesBuildPhase;
			buildActionMask = 2147483647;
			files = (
			);
			runOnlyForDeploymentPostprocessing = 0;
		};
		0426250129BCD47900D3202F /* Resources */ = {
			isa = PBXResourcesBuildPhase;
			buildActionMask = 2147483647;
			files = (
			);
			runOnlyForDeploymentPostprocessing = 0;
		};
/* End PBXResourcesBuildPhase section */

/* Begin PBXSourcesBuildPhase section */
		042624E529BCD47800D3202F /* Sources */ = {
			isa = PBXSourcesBuildPhase;
			buildActionMask = 2147483647;
			files = (
				0426255729C04E2A00D3202F /* OutputView.swift in Sources */,
				042624EF29BCD47800D3202F /* ContentView.swift in Sources */,
				0426251729BE0D2E00D3202F /* CustomColors.swift in Sources */,
				0426251929BE0D9400D3202F /* CalcButton.swift in Sources */,
				0426255929C04F5100D3202F /* GridView.swift in Sources */,
				042624ED29BCD47800D3202F /* calculatorApp.swift in Sources */,
				043E6EEE29D451EA00F0D11D /* ButtonView.swift in Sources */,
				0420645129D68D7700CBCB16 /* State.swift in Sources */,
			);
			runOnlyForDeploymentPostprocessing = 0;
		};
		042624F529BCD47900D3202F /* Sources */ = {
			isa = PBXSourcesBuildPhase;
			buildActionMask = 2147483647;
			files = (
				042624FE29BCD47900D3202F /* calculatorTests.swift in Sources */,
			);
			runOnlyForDeploymentPostprocessing = 0;
		};
		042624FF29BCD47900D3202F /* Sources */ = {
			isa = PBXSourcesBuildPhase;
			buildActionMask = 2147483647;
			files = (
				0426250A29BCD47900D3202F /* calculatorUITestsLaunchTests.swift in Sources */,
				0426250829BCD47900D3202F /* calculatorUITests.swift in Sources */,
			);
			runOnlyForDeploymentPostprocessing = 0;
		};
/* End PBXSourcesBuildPhase section */

/* Begin PBXTargetDependency section */
		042624FB29BCD47900D3202F /* PBXTargetDependency */ = {
			isa = PBXTargetDependency;
			target = 042624E829BCD47800D3202F /* calculator */;
			targetProxy = 042624FA29BCD47900D3202F /* PBXContainerItemProxy */;
		};
		0426250529BCD47900D3202F /* PBXTargetDependency */ = {
			isa = PBXTargetDependency;
			target = 042624E829BCD47800D3202F /* calculator */;
			targetProxy = 0426250429BCD47900D3202F /* PBXContainerItemProxy */;
		};
/* End PBXTargetDependency section */

/* Begin XCBuildConfiguration section */
		0426250B29BCD47900D3202F /* Debug */ = {
			isa = XCBuildConfiguration;
			buildSettings = {
				ALWAYS_SEARCH_USER_PATHS = NO;
				CLANG_ANALYZER_NONNULL = YES;
				CLANG_ANALYZER_NUMBER_OBJECT_CONVERSION = YES_AGGRESSIVE;
				CLANG_CXX_LANGUAGE_STANDARD = "gnu++20";
				CLANG_ENABLE_MODULES = YES;
				CLANG_ENABLE_OBJC_ARC = YES;
				CLANG_ENABLE_OBJC_WEAK = YES;
				CLANG_WARN_BLOCK_CAPTURE_AUTORELEASING = YES;
				CLANG_WARN_BOOL_CONVERSION = YES;
				CLANG_WARN_COMMA = YES;
				CLANG_WARN_CONSTANT_CONVERSION = YES;
				CLANG_WARN_DEPRECATED_OBJC_IMPLEMENTATIONS = YES;
				CLANG_WARN_DIRECT_OBJC_ISA_USAGE = YES_ERROR;
				CLANG_WARN_DOCUMENTATION_COMMENTS = YES;
				CLANG_WARN_EMPTY_BODY = YES;
				CLANG_WARN_ENUM_CONVERSION = YES;
				CLANG_WARN_INFINITE_RECURSION = YES;
				CLANG_WARN_INT_CONVERSION = YES;
				CLANG_WARN_NON_LITERAL_NULL_CONVERSION = YES;
				CLANG_WARN_OBJC_IMPLICIT_RETAIN_SELF = YES;
				CLANG_WARN_OBJC_LITERAL_CONVERSION = YES;
				CLANG_WARN_OBJC_ROOT_CLASS = YES_ERROR;
				CLANG_WARN_QUOTED_INCLUDE_IN_FRAMEWORK_HEADER = YES;
				CLANG_WARN_RANGE_LOOP_ANALYSIS = YES;
				CLANG_WARN_STRICT_PROTOTYPES = YES;
				CLANG_WARN_SUSPICIOUS_MOVE = YES;
				CLANG_WARN_UNGUARDED_AVAILABILITY = YES_AGGRESSIVE;
				CLANG_WARN_UNREACHABLE_CODE = YES;
				CLANG_WARN__DUPLICATE_METHOD_MATCH = YES;
				COPY_PHASE_STRIP = NO;
				DEBUG_INFORMATION_FORMAT = dwarf;
				ENABLE_STRICT_OBJC_MSGSEND = YES;
				ENABLE_TESTABILITY = YES;
				GCC_C_LANGUAGE_STANDARD = gnu11;
				GCC_DYNAMIC_NO_PIC = NO;
				GCC_NO_COMMON_BLOCKS = YES;
				GCC_OPTIMIZATION_LEVEL = 0;
				GCC_PREPROCESSOR_DEFINITIONS = (
					"DEBUG=1",
					"$(inherited)",
				);
				GCC_WARN_64_TO_32_BIT_CONVERSION = YES;
				GCC_WARN_ABOUT_RETURN_TYPE = YES_ERROR;
				GCC_WARN_UNDECLARED_SELECTOR = YES;
				GCC_WARN_UNINITIALIZED_AUTOS = YES_AGGRESSIVE;
				GCC_WARN_UNUSED_FUNCTION = YES;
				GCC_WARN_UNUSED_VARIABLE = YES;
				IPHONEOS_DEPLOYMENT_TARGET = 16.2;
				MTL_ENABLE_DEBUG_INFO = INCLUDE_SOURCE;
				MTL_FAST_MATH = YES;
				ONLY_ACTIVE_ARCH = YES;
				SDKROOT = iphoneos;
				SWIFT_ACTIVE_COMPILATION_CONDITIONS = DEBUG;
				SWIFT_OPTIMIZATION_LEVEL = "-Onone";
			};
			name = Debug;
		};
		0426250C29BCD47900D3202F /* Release */ = {
			isa = XCBuildConfiguration;
			buildSettings = {
				ALWAYS_SEARCH_USER_PATHS = NO;
				CLANG_ANALYZER_NONNULL = YES;
				CLANG_ANALYZER_NUMBER_OBJECT_CONVERSION = YES_AGGRESSIVE;
				CLANG_CXX_LANGUAGE_STANDARD = "gnu++20";
				CLANG_ENABLE_MODULES = YES;
				CLANG_ENABLE_OBJC_ARC = YES;
				CLANG_ENABLE_OBJC_WEAK = YES;
				CLANG_WARN_BLOCK_CAPTURE_AUTORELEASING = YES;
				CLANG_WARN_BOOL_CONVERSION = YES;
				CLANG_WARN_COMMA = YES;
				CLANG_WARN_CONSTANT_CONVERSION = YES;
				CLANG_WARN_DEPRECATED_OBJC_IMPLEMENTATIONS = YES;
				CLANG_WARN_DIRECT_OBJC_ISA_USAGE = YES_ERROR;
				CLANG_WARN_DOCUMENTATION_COMMENTS = YES;
				CLANG_WARN_EMPTY_BODY = YES;
				CLANG_WARN_ENUM_CONVERSION = YES;
				CLANG_WARN_INFINITE_RECURSION = YES;
				CLANG_WARN_INT_CONVERSION = YES;
				CLANG_WARN_NON_LITERAL_NULL_CONVERSION = YES;
				CLANG_WARN_OBJC_IMPLICIT_RETAIN_SELF = YES;
				CLANG_WARN_OBJC_LITERAL_CONVERSION = YES;
				CLANG_WARN_OBJC_ROOT_CLASS = YES_ERROR;
				CLANG_WARN_QUOTED_INCLUDE_IN_FRAMEWORK_HEADER = YES;
				CLANG_WARN_RANGE_LOOP_ANALYSIS = YES;
				CLANG_WARN_STRICT_PROTOTYPES = YES;
				CLANG_WARN_SUSPICIOUS_MOVE = YES;
				CLANG_WARN_UNGUARDED_AVAILABILITY = YES_AGGRESSIVE;
				CLANG_WARN_UNREACHABLE_CODE = YES;
				CLANG_WARN__DUPLICATE_METHOD_MATCH = YES;
				COPY_PHASE_STRIP = NO;
				DEBUG_INFORMATION_FORMAT = "dwarf-with-dsym";
				ENABLE_NS_ASSERTIONS = NO;
				ENABLE_STRICT_OBJC_MSGSEND = YES;
				GCC_C_LANGUAGE_STANDARD = gnu11;
				GCC_NO_COMMON_BLOCKS = YES;
				GCC_WARN_64_TO_32_BIT_CONVERSION = YES;
				GCC_WARN_ABOUT_RETURN_TYPE = YES_ERROR;
				GCC_WARN_UNDECLARED_SELECTOR = YES;
				GCC_WARN_UNINITIALIZED_AUTOS = YES_AGGRESSIVE;
				GCC_WARN_UNUSED_FUNCTION = YES;
				GCC_WARN_UNUSED_VARIABLE = YES;
				IPHONEOS_DEPLOYMENT_TARGET = 16.2;
				MTL_ENABLE_DEBUG_INFO = NO;
				MTL_FAST_MATH = YES;
				SDKROOT = iphoneos;
				SWIFT_COMPILATION_MODE = wholemodule;
				SWIFT_OPTIMIZATION_LEVEL = "-O";
				VALIDATE_PRODUCT = YES;
			};
			name = Release;
		};
		0426250E29BCD47900D3202F /* Debug */ = {
			isa = XCBuildConfiguration;
			buildSettings = {
				ASSETCATALOG_COMPILER_APPICON_NAME = AppIcon;
				ASSETCATALOG_COMPILER_GLOBAL_ACCENT_COLOR_NAME = AccentColor;
				CODE_SIGN_STYLE = Automatic;
				CURRENT_PROJECT_VERSION = 1;
				DEVELOPMENT_ASSET_PATHS = "\"calculator/Preview Content\"";
				ENABLE_PREVIEWS = YES;
				GENERATE_INFOPLIST_FILE = YES;
				INFOPLIST_KEY_UIApplicationSceneManifest_Generation = YES;
				INFOPLIST_KEY_UIApplicationSupportsIndirectInputEvents = YES;
				INFOPLIST_KEY_UILaunchScreen_Generation = YES;
				INFOPLIST_KEY_UISupportedInterfaceOrientations_iPad = "UIInterfaceOrientationPortrait UIInterfaceOrientationPortraitUpsideDown UIInterfaceOrientationLandscapeLeft UIInterfaceOrientationLandscapeRight";
				INFOPLIST_KEY_UISupportedInterfaceOrientations_iPhone = "UIInterfaceOrientationPortrait UIInterfaceOrientationLandscapeLeft UIInterfaceOrientationLandscapeRight";
				LD_RUNPATH_SEARCH_PATHS = (
					"$(inherited)",
					"@executable_path/Frameworks",
				);
				MARKETING_VERSION = 1.0;
				PRODUCT_BUNDLE_IDENTIFIER = me.calculator;
				PRODUCT_NAME = "$(TARGET_NAME)";
				SWIFT_EMIT_LOC_STRINGS = YES;
				SWIFT_VERSION = 5.0;
				TARGETED_DEVICE_FAMILY = "1,2";
			};
			name = Debug;
		};
		0426250F29BCD47900D3202F /* Release */ = {
			isa = XCBuildConfiguration;
			buildSettings = {
				ASSETCATALOG_COMPILER_APPICON_NAME = AppIcon;
				ASSETCATALOG_COMPILER_GLOBAL_ACCENT_COLOR_NAME = AccentColor;
				CODE_SIGN_STYLE = Automatic;
				CURRENT_PROJECT_VERSION = 1;
				DEVELOPMENT_ASSET_PATHS = "\"calculator/Preview Content\"";
				ENABLE_PREVIEWS = YES;
				GENERATE_INFOPLIST_FILE = YES;
				INFOPLIST_KEY_UIApplicationSceneManifest_Generation = YES;
				INFOPLIST_KEY_UIApplicationSupportsIndirectInputEvents = YES;
				INFOPLIST_KEY_UILaunchScreen_Generation = YES;
				INFOPLIST_KEY_UISupportedInterfaceOrientations_iPad = "UIInterfaceOrientationPortrait UIInterfaceOrientationPortraitUpsideDown UIInterfaceOrientationLandscapeLeft UIInterfaceOrientationLandscapeRight";
				INFOPLIST_KEY_UISupportedInterfaceOrientations_iPhone = "UIInterfaceOrientationPortrait UIInterfaceOrientationLandscapeLeft UIInterfaceOrientationLandscapeRight";
				LD_RUNPATH_SEARCH_PATHS = (
					"$(inherited)",
					"@executable_path/Frameworks",
				);
				MARKETING_VERSION = 1.0;
				PRODUCT_BUNDLE_IDENTIFIER = me.calculator;
				PRODUCT_NAME = "$(TARGET_NAME)";
				SWIFT_EMIT_LOC_STRINGS = YES;
				SWIFT_VERSION = 5.0;
				TARGETED_DEVICE_FAMILY = "1,2";
			};
			name = Release;
		};
		0426251129BCD47900D3202F /* Debug */ = {
			isa = XCBuildConfiguration;
			buildSettings = {
				ALWAYS_EMBED_SWIFT_STANDARD_LIBRARIES = YES;
				BUNDLE_LOADER = "$(TEST_HOST)";
				CODE_SIGN_STYLE = Automatic;
				CURRENT_PROJECT_VERSION = 1;
				GENERATE_INFOPLIST_FILE = YES;
				IPHONEOS_DEPLOYMENT_TARGET = 16.2;
				MARKETING_VERSION = 1.0;
				PRODUCT_BUNDLE_IDENTIFIER = me.calculatorTests;
				PRODUCT_NAME = "$(TARGET_NAME)";
				SWIFT_EMIT_LOC_STRINGS = NO;
				SWIFT_VERSION = 5.0;
				TARGETED_DEVICE_FAMILY = "1,2";
				TEST_HOST = "$(BUILT_PRODUCTS_DIR)/calculator.app/$(BUNDLE_EXECUTABLE_FOLDER_PATH)/calculator";
			};
			name = Debug;
		};
		0426251229BCD47900D3202F /* Release */ = {
			isa = XCBuildConfiguration;
			buildSettings = {
				ALWAYS_EMBED_SWIFT_STANDARD_LIBRARIES = YES;
				BUNDLE_LOADER = "$(TEST_HOST)";
				CODE_SIGN_STYLE = Automatic;
				CURRENT_PROJECT_VERSION = 1;
				GENERATE_INFOPLIST_FILE = YES;
				IPHONEOS_DEPLOYMENT_TARGET = 16.2;
				MARKETING_VERSION = 1.0;
				PRODUCT_BUNDLE_IDENTIFIER = me.calculatorTests;
				PRODUCT_NAME = "$(TARGET_NAME)";
				SWIFT_EMIT_LOC_STRINGS = NO;
				SWIFT_VERSION = 5.0;
				TARGETED_DEVICE_FAMILY = "1,2";
				TEST_HOST = "$(BUILT_PRODUCTS_DIR)/calculator.app/$(BUNDLE_EXECUTABLE_FOLDER_PATH)/calculator";
			};
			name = Release;
		};
		0426251429BCD47900D3202F /* Debug */ = {
			isa = XCBuildConfiguration;
			buildSettings = {
				ALWAYS_EMBED_SWIFT_STANDARD_LIBRARIES = YES;
				CODE_SIGN_STYLE = Automatic;
				CURRENT_PROJECT_VERSION = 1;
				GENERATE_INFOPLIST_FILE = YES;
				MARKETING_VERSION = 1.0;
				PRODUCT_BUNDLE_IDENTIFIER = me.calculatorUITests;
				PRODUCT_NAME = "$(TARGET_NAME)";
				SWIFT_EMIT_LOC_STRINGS = NO;
				SWIFT_VERSION = 5.0;
				TARGETED_DEVICE_FAMILY = "1,2";
				TEST_TARGET_NAME = calculator;
			};
			name = Debug;
		};
		0426251529BCD47900D3202F /* Release */ = {
			isa = XCBuildConfiguration;
			buildSettings = {
				ALWAYS_EMBED_SWIFT_STANDARD_LIBRARIES = YES;
				CODE_SIGN_STYLE = Automatic;
				CURRENT_PROJECT_VERSION = 1;
				GENERATE_INFOPLIST_FILE = YES;
				MARKETING_VERSION = 1.0;
				PRODUCT_BUNDLE_IDENTIFIER = me.calculatorUITests;
				PRODUCT_NAME = "$(TARGET_NAME)";
				SWIFT_EMIT_LOC_STRINGS = NO;
				SWIFT_VERSION = 5.0;
				TARGETED_DEVICE_FAMILY = "1,2";
				TEST_TARGET_NAME = calculator;
			};
			name = Release;
		};
/* End XCBuildConfiguration section */

/* Begin XCConfigurationList section */
		042624E429BCD47800D3202F /* Build configuration list for PBXProject "calculator" */ = {
			isa = XCConfigurationList;
			buildConfigurations = (
				0426250B29BCD47900D3202F /* Debug */,
				0426250C29BCD47900D3202F /* Release */,
			);
			defaultConfigurationIsVisible = 0;
			defaultConfigurationName = Release;
		};
		0426250D29BCD47900D3202F /* Build configuration list for PBXNativeTarget "calculator" */ = {
			isa = XCConfigurationList;
			buildConfigurations = (
				0426250E29BCD47900D3202F /* Debug */,
				0426250F29BCD47900D3202F /* Release */,
			);
			defaultConfigurationIsVisible = 0;
			defaultConfigurationName = Release;
		};
		0426251029BCD47900D3202F /* Build configuration list for PBXNativeTarget "calculatorTests" */ = {
			isa = XCConfigurationList;
			buildConfigurations = (
				0426251129BCD47900D3202F /* Debug */,
				0426251229BCD47900D3202F /* Release */,
			);
			defaultConfigurationIsVisible = 0;
			defaultConfigurationName = Release;
		};
		0426251329BCD47900D3202F /* Build configuration list for PBXNativeTarget "calculatorUITests" */ = {
			isa = XCConfigurationList;
			buildConfigurations = (
				0426251429BCD47900D3202F /* Debug */,
				0426251529BCD47900D3202F /* Release */,
			);
			defaultConfigurationIsVisible = 0;
			defaultConfigurationName = Release;
		};
/* End XCConfigurationList section */
	};
	rootObject = 042624E129BCD47800D3202F /* Project object */;
}
